# This file is automatically @generated by Cargo.
# It is not intended for manual editing.
version = 4

[[package]]
name = "heim-approvals"
version = "0.1.0"

[[package]]
name = "heim-audit"
version = "0.1.0"

[[package]]
name = "heim-cli"
version = "0.1.0"

[[package]]
name = "heim-config"
version = "0.1.0"

[[package]]
name = "heim-core"
version = "0.1.0"

[[package]]
name = "heim-exec"
version = "0.1.0"

[[package]]
name = "heim-policy"
version = "0.1.0"

[[package]]
name = "heim-providers"
version = "0.1.0"

[[package]]
name = "heim-sources"
version = "0.1.0"
